
Microsoft Visual Studio Solution File, Format Version 12.00
# Visual Studio 15
VisualStudioVersion = 15.0.27130.2036
MinimumVisualStudioVersion = 10.0.40219.1
Project("{2150E333-8FDC-42A3-9474-1A3956D46DE8}") = "Solution Items", "Solution Items", "{DF686301-D44E-46A6-84A3-1DFA5C1FA866}"
EndProject
Project("{8BC9CEB8-8B4A-11D0-8D11-00A0C91BC942}") = "SoundTest", "SoundTest\SoundTest.vcxproj", "{D1F5CFF4-A6E6-4299-8339-41B1049DE1C0}"
EndProject
Project("{8BC9CEB8-8B4A-11D0-8D11-00A0C91BC942}") = "TextTest", "TextTest\TextTest.vcxproj", "{48F5269A-BE8B-451E-AE0E-20FDD2A51F57}"
EndProject
Project("{8BC9CEB8-8B4A-11D0-8D11-00A0C91BC942}") = "StopwatchGame", "StopwatchGame\StopwatchGame.vcxproj", "{42F96074-4240-4FDD-8A0A-C63EDC15E5B4}"
EndProject
Global
	GlobalSection(SolutionConfigurationPlatforms) = preSolution
		Debug|Win32 = Debug|Win32
		Release|Win32 = Release|Win32
	EndGlobalSection
	GlobalSection(ProjectConfigurationPlatforms) = postSolution
		{D1F5CFF4-A6E6-4299-8339-41B1049DE1C0}.Debug|Win32.ActiveCfg = Debug|Win32
		{D1F5CFF4-A6E6-4299-8339-41B1049DE1C0}.Debug|Win32.Build.0 = Debug|Win32
		{D1F5CFF4-A6E6-4299-8339-41B1049DE1C0}.Release|Win32.ActiveCfg = Release|Win32
		{D1F5CFF4-A6E6-4299-8339-41B1049DE1C0}.Release|Win32.Build.0 = Release|Win32
		{48F5269A-BE8B-451E-AE0E-20FDD2A51F57}.Debug|Win32.ActiveCfg = Debug|Win32
		{48F5269A-BE8B-451E-AE0E-20FDD2A51F57}.Debug|Win32.Build.0 = Debug|Win32
		{48F5269A-BE8B-451E-AE0E-20FDD2A51F57}.Release|Win32.ActiveCfg = Release|Win32
		{48F5269A-BE8B-451E-AE0E-20FDD2A51F57}.Release|Win32.Build.0 = Release|Win32
		{42F96074-4240-4FDD-8A0A-C63EDC15E5B4}.Debug|Win32.ActiveCfg = Debug|Win32
		{42F96074-4240-4FDD-8A0A-C63EDC15E5B4}.Debug|Win32.Build.0 = Debug|Win32
		{42F96074-4240-4FDD-8A0A-C63EDC15E5B4}.Release|Win32.ActiveCfg = Release|Win32
		{42F96074-4240-4FDD-8A0A-C63EDC15E5B4}.Release|Win32.Build.0 = Release|Win32
	EndGlobalSection
	GlobalSection(SolutionProperties) = preSolution
		HideSolutionNode = FALSE
	EndGlobalSection
	GlobalSection(ExtensibilityGlobals) = postSolution
		SolutionGuid = {698B4E9B-8C36-4C3B-A028-649FDB86E3C5}
	EndGlobalSection
EndGlobal
